
Microsoft Visual Studio Solution File, Format Version 12.00
# Visual Studio Version 17
VisualStudioVersion = 17.8.34408.163
MinimumVisualStudioVersion = 10.0.40219.1
Project("{9A19103F-16F7-4668-BE54-9A1E7A4F7556}") = "Rating API", "services\rating\Rating API\Rating API.csproj", "{AAF54288-38C3-4806-9354-0B031399B363}"
EndProject
Project("{9A19103F-16F7-4668-BE54-9A1E7A4F7556}") = "Payment API", "services\payment\Payment API\Payment API.csproj", "{D2C2A214-356E-4FFA-A25A-856AD81CFD6A}"
EndProject
Project("{9A19103F-16F7-4668-BE54-9A1E7A4F7556}") = "Room Managing API", "services\managing_rooms\Room Managing API\Room Managing API.csproj", "{D76F215F-5B05-49E2-B464-26788A2AC090}"
EndProject
Project("{9A19103F-16F7-4668-BE54-9A1E7A4F7556}") = "Authentication and Authorization API", "services\authentication_authorization\Authentication and Authorization API\Authentication and Authorization API.csproj", "{AAE38F6B-507B-403C-BCC6-B86830CDF6FA}"
EndProject
Project("{FAE04EC0-301F-11D3-BF4B-00C04F79EFBC}") = "Reservations API", "services\reservations\Reservations API\Reservations API\Reservations API.csproj", "{18E7AAD1-2629-4D8E-8F7D-F2EF92883E7D}"
EndProject
Global
	GlobalSection(SolutionConfigurationPlatforms) = preSolution
		Debug|Any CPU = Debug|Any CPU
		Release|Any CPU = Release|Any CPU
	EndGlobalSection
	GlobalSection(ProjectConfigurationPlatforms) = postSolution
		{AAF54288-38C3-4806-9354-0B031399B363}.Debug|Any CPU.ActiveCfg = Debug|Any CPU
		{AAF54288-38C3-4806-9354-0B031399B363}.Debug|Any CPU.Build.0 = Debug|Any CPU
		{AAF54288-38C3-4806-9354-0B031399B363}.Release|Any CPU.ActiveCfg = Release|Any CPU
		{AAF54288-38C3-4806-9354-0B031399B363}.Release|Any CPU.Build.0 = Release|Any CPU
		{D2C2A214-356E-4FFA-A25A-856AD81CFD6A}.Debug|Any CPU.ActiveCfg = Debug|Any CPU
		{D2C2A214-356E-4FFA-A25A-856AD81CFD6A}.Debug|Any CPU.Build.0 = Debug|Any CPU
		{D2C2A214-356E-4FFA-A25A-856AD81CFD6A}.Release|Any CPU.ActiveCfg = Release|Any CPU
		{D2C2A214-356E-4FFA-A25A-856AD81CFD6A}.Release|Any CPU.Build.0 = Release|Any CPU
		{D76F215F-5B05-49E2-B464-26788A2AC090}.Debug|Any CPU.ActiveCfg = Debug|Any CPU
		{D76F215F-5B05-49E2-B464-26788A2AC090}.Debug|Any CPU.Build.0 = Debug|Any CPU
		{D76F215F-5B05-49E2-B464-26788A2AC090}.Release|Any CPU.ActiveCfg = Release|Any CPU
		{D76F215F-5B05-49E2-B464-26788A2AC090}.Release|Any CPU.Build.0 = Release|Any CPU
		{AAE38F6B-507B-403C-BCC6-B86830CDF6FA}.Debug|Any CPU.ActiveCfg = Debug|Any CPU
		{AAE38F6B-507B-403C-BCC6-B86830CDF6FA}.Debug|Any CPU.Build.0 = Debug|Any CPU
		{AAE38F6B-507B-403C-BCC6-B86830CDF6FA}.Release|Any CPU.ActiveCfg = Release|Any CPU
		{AAE38F6B-507B-403C-BCC6-B86830CDF6FA}.Release|Any CPU.Build.0 = Release|Any CPU
		{18E7AAD1-2629-4D8E-8F7D-F2EF92883E7D}.Debug|Any CPU.ActiveCfg = Debug|Any CPU
		{18E7AAD1-2629-4D8E-8F7D-F2EF92883E7D}.Debug|Any CPU.Build.0 = Debug|Any CPU
		{18E7AAD1-2629-4D8E-8F7D-F2EF92883E7D}.Release|Any CPU.ActiveCfg = Release|Any CPU
		{18E7AAD1-2629-4D8E-8F7D-F2EF92883E7D}.Release|Any CPU.Build.0 = Release|Any CPU
	EndGlobalSection
	GlobalSection(SolutionProperties) = preSolution
		HideSolutionNode = FALSE
	EndGlobalSection
	GlobalSection(ExtensibilityGlobals) = postSolution
		SolutionGuid = {5ABFE2B5-BA68-46A6-9AE8-343FACA484DD}
	EndGlobalSection
EndGlobal
