
Microsoft Visual Studio Solution File, Format Version 12.00
# Visual Studio Version 17
VisualStudioVersion = 17.8.34408.163
MinimumVisualStudioVersion = 10.0.40219.1
Project("{9A19103F-16F7-4668-BE54-9A1E7A4F7556}") = "AuthenticationAuthorization.API", "Services\AuthenticationAuthorization\AuthenticationAuthorization.API\AuthenticationAuthorization.API.csproj", "{A031418A-5790-49C8-A4D5-B65B5EF2F875}"
EndProject
Project("{9A19103F-16F7-4668-BE54-9A1E7A4F7556}") = "RoomManaging.API", "Services\ManagingRooms\RoomManaging.API\RoomManaging.API.csproj", "{708CEB67-35E2-49CB-93BE-C2AC6AD60F29}"
EndProject
Project("{9A19103F-16F7-4668-BE54-9A1E7A4F7556}") = "Payment.API", "Services\Payment\Payment.API\Payment.API.csproj", "{E7F733DE-D80D-466B-ABD6-3D902E904834}"
EndProject
Project("{9A19103F-16F7-4668-BE54-9A1E7A4F7556}") = "Rating.API", "Services\Rating\Rating.API\Rating.API.csproj", "{6CB89E01-989C-40A6-9134-92DE24CE663D}"
EndProject
Project("{9A19103F-16F7-4668-BE54-9A1E7A4F7556}") = "Reservations.API", "Services\Reservations\Reservations.API\Reservations.API.csproj", "{2C98B2B8-25D2-48A7-9837-25C9EAF74204}"
EndProject
Project("{E53339B2-1760-4266-BCC7-CA923CBCF16C}") = "docker-compose", "docker-compose.dcproj", "{16754822-057E-4D51-9731-B1447A55F5D2}"
EndProject
Project("{2150E333-8FDC-42A3-9474-1A3956D46DE8}") = "Services", "Services", "{14CDAFBD-F31D-480F-ACDD-FDC7D6321D33}"
EndProject
Project("{2150E333-8FDC-42A3-9474-1A3956D46DE8}") = "AuthenticationAuthorizaton", "AuthenticationAuthorizaton", "{5B898321-C8F9-4904-BB80-C74737C80F1E}"
EndProject
Project("{2150E333-8FDC-42A3-9474-1A3956D46DE8}") = "Payment", "Payment", "{69F43AB0-8A29-47D4-BCA5-783AB52B415C}"
EndProject
Project("{2150E333-8FDC-42A3-9474-1A3956D46DE8}") = "Rating", "Rating", "{976C3EF1-CA37-4344-9F36-A356D534BC60}"
EndProject
Project("{2150E333-8FDC-42A3-9474-1A3956D46DE8}") = "Reservations", "Reservations", "{D283D382-C879-4E93-9B1E-8997FB2C65D8}"
EndProject
Project("{2150E333-8FDC-42A3-9474-1A3956D46DE8}") = "ManagingRooms", "ManagingRooms", "{5BA73E82-70A6-41FE-8FA2-439F289F0ED6}"
EndProject
Project("{2150E333-8FDC-42A3-9474-1A3956D46DE8}") = "CheckInOut", "CheckInOut", "{48C2E0D9-FBAE-4E35-8C82-C6A91B4DFEDF}"
EndProject
Project("{9A19103F-16F7-4668-BE54-9A1E7A4F7556}") = "CheckInOut.API", "Services\CheckInOut\CheckInOut.API\CheckInOut.API.csproj", "{9CEF8D11-CCF1-4E2C-9E1D-2CA02558D770}"
EndProject
Project("{9A19103F-16F7-4668-BE54-9A1E7A4F7556}") = "RoomManaging.Common", "Services\ManagingRooms\RoomManaging.Common\RoomManaging.Common.csproj", "{8D15BFF0-054E-4713-B76E-193D1EF46273}"
EndProject
Project("{9A19103F-16F7-4668-BE54-9A1E7A4F7556}") = "RoomManaging.GRPC", "Services\ManagingRooms\RoomManaging.GRPC\RoomManaging.GRPC.csproj", "{C4DE8B7D-7A97-46E1-8AE1-BC3D359D2D1D}"
EndProject
Project("{FAE04EC0-301F-11D3-BF4B-00C04F79EFBC}") = "Reservations.Common", "Services\Reservations\Reservations.Common\Reservations.Common.csproj", "{9E4B2CED-436B-4FC9-8D99-BD8E21D5F188}"
EndProject
Project("{FAE04EC0-301F-11D3-BF4B-00C04F79EFBC}") = "Reservations.GRPC", "Services\Reservations\Reservations.GRPC\Reservations.GRPC.csproj", "{1D397848-D60A-4975-99E9-7EC544937BDA}"
EndProject
Global
	GlobalSection(SolutionConfigurationPlatforms) = preSolution
		Debug|Any CPU = Debug|Any CPU
		Release|Any CPU = Release|Any CPU
	EndGlobalSection
	GlobalSection(ProjectConfigurationPlatforms) = postSolution
		{A031418A-5790-49C8-A4D5-B65B5EF2F875}.Debug|Any CPU.ActiveCfg = Debug|Any CPU
		{A031418A-5790-49C8-A4D5-B65B5EF2F875}.Debug|Any CPU.Build.0 = Debug|Any CPU
		{A031418A-5790-49C8-A4D5-B65B5EF2F875}.Release|Any CPU.ActiveCfg = Release|Any CPU
		{A031418A-5790-49C8-A4D5-B65B5EF2F875}.Release|Any CPU.Build.0 = Release|Any CPU
		{708CEB67-35E2-49CB-93BE-C2AC6AD60F29}.Debug|Any CPU.ActiveCfg = Debug|Any CPU
		{708CEB67-35E2-49CB-93BE-C2AC6AD60F29}.Debug|Any CPU.Build.0 = Debug|Any CPU
		{708CEB67-35E2-49CB-93BE-C2AC6AD60F29}.Release|Any CPU.ActiveCfg = Release|Any CPU
		{708CEB67-35E2-49CB-93BE-C2AC6AD60F29}.Release|Any CPU.Build.0 = Release|Any CPU
		{E7F733DE-D80D-466B-ABD6-3D902E904834}.Debug|Any CPU.ActiveCfg = Debug|Any CPU
		{E7F733DE-D80D-466B-ABD6-3D902E904834}.Debug|Any CPU.Build.0 = Debug|Any CPU
		{E7F733DE-D80D-466B-ABD6-3D902E904834}.Release|Any CPU.ActiveCfg = Release|Any CPU
		{E7F733DE-D80D-466B-ABD6-3D902E904834}.Release|Any CPU.Build.0 = Release|Any CPU
		{6CB89E01-989C-40A6-9134-92DE24CE663D}.Debug|Any CPU.ActiveCfg = Debug|Any CPU
		{6CB89E01-989C-40A6-9134-92DE24CE663D}.Debug|Any CPU.Build.0 = Debug|Any CPU
		{6CB89E01-989C-40A6-9134-92DE24CE663D}.Release|Any CPU.ActiveCfg = Release|Any CPU
		{6CB89E01-989C-40A6-9134-92DE24CE663D}.Release|Any CPU.Build.0 = Release|Any CPU
		{2C98B2B8-25D2-48A7-9837-25C9EAF74204}.Debug|Any CPU.ActiveCfg = Debug|Any CPU
		{2C98B2B8-25D2-48A7-9837-25C9EAF74204}.Debug|Any CPU.Build.0 = Debug|Any CPU
		{2C98B2B8-25D2-48A7-9837-25C9EAF74204}.Release|Any CPU.ActiveCfg = Release|Any CPU
		{2C98B2B8-25D2-48A7-9837-25C9EAF74204}.Release|Any CPU.Build.0 = Release|Any CPU
		{16754822-057E-4D51-9731-B1447A55F5D2}.Debug|Any CPU.ActiveCfg = Debug|Any CPU
		{16754822-057E-4D51-9731-B1447A55F5D2}.Debug|Any CPU.Build.0 = Debug|Any CPU
		{16754822-057E-4D51-9731-B1447A55F5D2}.Release|Any CPU.ActiveCfg = Release|Any CPU
		{16754822-057E-4D51-9731-B1447A55F5D2}.Release|Any CPU.Build.0 = Release|Any CPU
		{9CEF8D11-CCF1-4E2C-9E1D-2CA02558D770}.Debug|Any CPU.ActiveCfg = Debug|Any CPU
		{9CEF8D11-CCF1-4E2C-9E1D-2CA02558D770}.Debug|Any CPU.Build.0 = Debug|Any CPU
		{9CEF8D11-CCF1-4E2C-9E1D-2CA02558D770}.Release|Any CPU.ActiveCfg = Release|Any CPU
		{9CEF8D11-CCF1-4E2C-9E1D-2CA02558D770}.Release|Any CPU.Build.0 = Release|Any CPU
		{8D15BFF0-054E-4713-B76E-193D1EF46273}.Debug|Any CPU.ActiveCfg = Debug|Any CPU
		{8D15BFF0-054E-4713-B76E-193D1EF46273}.Debug|Any CPU.Build.0 = Debug|Any CPU
		{8D15BFF0-054E-4713-B76E-193D1EF46273}.Release|Any CPU.ActiveCfg = Release|Any CPU
		{8D15BFF0-054E-4713-B76E-193D1EF46273}.Release|Any CPU.Build.0 = Release|Any CPU
		{C4DE8B7D-7A97-46E1-8AE1-BC3D359D2D1D}.Debug|Any CPU.ActiveCfg = Debug|Any CPU
		{C4DE8B7D-7A97-46E1-8AE1-BC3D359D2D1D}.Debug|Any CPU.Build.0 = Debug|Any CPU
		{C4DE8B7D-7A97-46E1-8AE1-BC3D359D2D1D}.Release|Any CPU.ActiveCfg = Release|Any CPU
		{C4DE8B7D-7A97-46E1-8AE1-BC3D359D2D1D}.Release|Any CPU.Build.0 = Release|Any CPU
		{9E4B2CED-436B-4FC9-8D99-BD8E21D5F188}.Debug|Any CPU.ActiveCfg = Debug|Any CPU
		{9E4B2CED-436B-4FC9-8D99-BD8E21D5F188}.Debug|Any CPU.Build.0 = Debug|Any CPU
		{9E4B2CED-436B-4FC9-8D99-BD8E21D5F188}.Release|Any CPU.ActiveCfg = Release|Any CPU
		{9E4B2CED-436B-4FC9-8D99-BD8E21D5F188}.Release|Any CPU.Build.0 = Release|Any CPU
		{1D397848-D60A-4975-99E9-7EC544937BDA}.Debug|Any CPU.ActiveCfg = Debug|Any CPU
		{1D397848-D60A-4975-99E9-7EC544937BDA}.Debug|Any CPU.Build.0 = Debug|Any CPU
		{1D397848-D60A-4975-99E9-7EC544937BDA}.Release|Any CPU.ActiveCfg = Release|Any CPU
		{1D397848-D60A-4975-99E9-7EC544937BDA}.Release|Any CPU.Build.0 = Release|Any CPU
	EndGlobalSection
	GlobalSection(SolutionProperties) = preSolution
		HideSolutionNode = FALSE
	EndGlobalSection
	GlobalSection(NestedProjects) = preSolution
		{A031418A-5790-49C8-A4D5-B65B5EF2F875} = {5B898321-C8F9-4904-BB80-C74737C80F1E}
		{708CEB67-35E2-49CB-93BE-C2AC6AD60F29} = {5BA73E82-70A6-41FE-8FA2-439F289F0ED6}
		{E7F733DE-D80D-466B-ABD6-3D902E904834} = {69F43AB0-8A29-47D4-BCA5-783AB52B415C}
		{6CB89E01-989C-40A6-9134-92DE24CE663D} = {976C3EF1-CA37-4344-9F36-A356D534BC60}
		{2C98B2B8-25D2-48A7-9837-25C9EAF74204} = {D283D382-C879-4E93-9B1E-8997FB2C65D8}
		{5B898321-C8F9-4904-BB80-C74737C80F1E} = {14CDAFBD-F31D-480F-ACDD-FDC7D6321D33}
		{69F43AB0-8A29-47D4-BCA5-783AB52B415C} = {14CDAFBD-F31D-480F-ACDD-FDC7D6321D33}
		{976C3EF1-CA37-4344-9F36-A356D534BC60} = {14CDAFBD-F31D-480F-ACDD-FDC7D6321D33}
		{D283D382-C879-4E93-9B1E-8997FB2C65D8} = {14CDAFBD-F31D-480F-ACDD-FDC7D6321D33}
		{5BA73E82-70A6-41FE-8FA2-439F289F0ED6} = {14CDAFBD-F31D-480F-ACDD-FDC7D6321D33}
		{48C2E0D9-FBAE-4E35-8C82-C6A91B4DFEDF} = {14CDAFBD-F31D-480F-ACDD-FDC7D6321D33}
		{9CEF8D11-CCF1-4E2C-9E1D-2CA02558D770} = {48C2E0D9-FBAE-4E35-8C82-C6A91B4DFEDF}
		{8D15BFF0-054E-4713-B76E-193D1EF46273} = {5BA73E82-70A6-41FE-8FA2-439F289F0ED6}
		{C4DE8B7D-7A97-46E1-8AE1-BC3D359D2D1D} = {5BA73E82-70A6-41FE-8FA2-439F289F0ED6}
		{9E4B2CED-436B-4FC9-8D99-BD8E21D5F188} = {D283D382-C879-4E93-9B1E-8997FB2C65D8}
		{1D397848-D60A-4975-99E9-7EC544937BDA} = {D283D382-C879-4E93-9B1E-8997FB2C65D8}
	EndGlobalSection
	GlobalSection(ExtensibilityGlobals) = postSolution
		SolutionGuid = {5ABFE2B5-BA68-46A6-9AE8-343FACA484DD}
	EndGlobalSection
EndGlobal
